
Microsoft Visual Studio Solution File, Format Version 12.00
# Visual Studio Version 17
VisualStudioVersion = 17.0.31903.59
MinimumVisualStudioVersion = 10.0.40219.1
Project("{FAE04EC0-301F-11D3-BF4B-00C04F79EFBC}") = "ERMSystem.API", "ERMSystem.API\ERMSystem.API.csproj", "{FAA4B52D-0527-49C2-AECB-E8260F939D7C}"
EndProject
Project("{FAE04EC0-301F-11D3-BF4B-00C04F79EFBC}") = "ERMSystem.Domain", "ERMSystem.Domain\ERMSystem.Domain.csproj", "{4A6B1332-D42C-486F-BCD0-CA862FB4A713}"
EndProject
Project("{FAE04EC0-301F-11D3-BF4B-00C04F79EFBC}") = "ERMSystem.Application", "ERMSystem.Application\ERMSystem.Application.csproj", "{BC22045D-7E83-4445-8499-1112661449E6}"
EndProject
Project("{FAE04EC0-301F-11D3-BF4B-00C04F79EFBC}") = "ERMSystem.Infrastructure", "ERMSystem.Infrastructure\ERMSystem.Infrastructure.csproj", "{C617A022-E62A-4666-8E76-3BEE75761607}"
EndProject
Project("{FAE04EC0-301F-11D3-BF4B-00C04F79EFBC}") = "ERMSystem.Tests", "ERMSystem.Tests\ERMSystem.Tests.csproj", "{F72B260F-5C8B-48AD-A050-31244B4AF1E3}"
EndProject
Global
	GlobalSection(SolutionConfigurationPlatforms) = preSolution
		Debug|Any CPU = Debug|Any CPU
		Debug|x64 = Debug|x64
		Debug|x86 = Debug|x86
		Release|Any CPU = Release|Any CPU
		Release|x64 = Release|x64
		Release|x86 = Release|x86
	EndGlobalSection
	GlobalSection(ProjectConfigurationPlatforms) = postSolution
		{FAA4B52D-0527-49C2-AECB-E8260F939D7C}.Debug|Any CPU.ActiveCfg = Debug|Any CPU
		{FAA4B52D-0527-49C2-AECB-E8260F939D7C}.Debug|Any CPU.Build.0 = Debug|Any CPU
		{FAA4B52D-0527-49C2-AECB-E8260F939D7C}.Debug|x64.ActiveCfg = Debug|Any CPU
		{FAA4B52D-0527-49C2-AECB-E8260F939D7C}.Debug|x64.Build.0 = Debug|Any CPU
		{FAA4B52D-0527-49C2-AECB-E8260F939D7C}.Debug|x86.ActiveCfg = Debug|Any CPU
		{FAA4B52D-0527-49C2-AECB-E8260F939D7C}.Debug|x86.Build.0 = Debug|Any CPU
		{FAA4B52D-0527-49C2-AECB-E8260F939D7C}.Release|Any CPU.ActiveCfg = Release|Any CPU
		{FAA4B52D-0527-49C2-AECB-E8260F939D7C}.Release|Any CPU.Build.0 = Release|Any CPU
		{FAA4B52D-0527-49C2-AECB-E8260F939D7C}.Release|x64.ActiveCfg = Release|Any CPU
		{FAA4B52D-0527-49C2-AECB-E8260F939D7C}.Release|x64.Build.0 = Release|Any CPU
		{FAA4B52D-0527-49C2-AECB-E8260F939D7C}.Release|x86.ActiveCfg = Release|Any CPU
		{FAA4B52D-0527-49C2-AECB-E8260F939D7C}.Release|x86.Build.0 = Release|Any CPU
		{4A6B1332-D42C-486F-BCD0-CA862FB4A713}.Debug|Any CPU.ActiveCfg = Debug|Any CPU
		{4A6B1332-D42C-486F-BCD0-CA862FB4A713}.Debug|Any CPU.Build.0 = Debug|Any CPU
		{4A6B1332-D42C-486F-BCD0-CA862FB4A713}.Debug|x64.ActiveCfg = Debug|Any CPU
		{4A6B1332-D42C-486F-BCD0-CA862FB4A713}.Debug|x64.Build.0 = Debug|Any CPU
		{4A6B1332-D42C-486F-BCD0-CA862FB4A713}.Debug|x86.ActiveCfg = Debug|Any CPU
		{4A6B1332-D42C-486F-BCD0-CA862FB4A713}.Debug|x86.Build.0 = Debug|Any CPU
		{4A6B1332-D42C-486F-BCD0-CA862FB4A713}.Release|Any CPU.ActiveCfg = Release|Any CPU
		{4A6B1332-D42C-486F-BCD0-CA862FB4A713}.Release|Any CPU.Build.0 = Release|Any CPU
		{4A6B1332-D42C-486F-BCD0-CA862FB4A713}.Release|x64.ActiveCfg = Release|Any CPU
		{4A6B1332-D42C-486F-BCD0-CA862FB4A713}.Release|x64.Build.0 = Release|Any CPU
		{4A6B1332-D42C-486F-BCD0-CA862FB4A713}.Release|x86.ActiveCfg = Release|Any CPU
		{4A6B1332-D42C-486F-BCD0-CA862FB4A713}.Release|x86.Build.0 = Release|Any CPU
		{BC22045D-7E83-4445-8499-1112661449E6}.Debug|Any CPU.ActiveCfg = Debug|Any CPU
		{BC22045D-7E83-4445-8499-1112661449E6}.Debug|Any CPU.Build.0 = Debug|Any CPU
		{BC22045D-7E83-4445-8499-1112661449E6}.Debug|x64.ActiveCfg = Debug|Any CPU
		{BC22045D-7E83-4445-8499-1112661449E6}.Debug|x64.Build.0 = Debug|Any CPU
		{BC22045D-7E83-4445-8499-1112661449E6}.Debug|x86.ActiveCfg = Debug|Any CPU
		{BC22045D-7E83-4445-8499-1112661449E6}.Debug|x86.Build.0 = Debug|Any CPU
		{BC22045D-7E83-4445-8499-1112661449E6}.Release|Any CPU.ActiveCfg = Release|Any CPU
		{BC22045D-7E83-4445-8499-1112661449E6}.Release|Any CPU.Build.0 = Release|Any CPU
		{BC22045D-7E83-4445-8499-1112661449E6}.Release|x64.ActiveCfg = Release|Any CPU
		{BC22045D-7E83-4445-8499-1112661449E6}.Release|x64.Build.0 = Release|Any CPU
		{BC22045D-7E83-4445-8499-1112661449E6}.Release|x86.ActiveCfg = Release|Any CPU
		{BC22045D-7E83-4445-8499-1112661449E6}.Release|x86.Build.0 = Release|Any CPU
		{C617A022-E62A-4666-8E76-3BEE75761607}.Debug|Any CPU.ActiveCfg = Debug|Any CPU
		{C617A022-E62A-4666-8E76-3BEE75761607}.Debug|Any CPU.Build.0 = Debug|Any CPU
		{C617A022-E62A-4666-8E76-3BEE75761607}.Debug|x64.ActiveCfg = Debug|Any CPU
		{C617A022-E62A-4666-8E76-3BEE75761607}.Debug|x64.Build.0 = Debug|Any CPU
		{C617A022-E62A-4666-8E76-3BEE75761607}.Debug|x86.ActiveCfg = Debug|Any CPU
		{C617A022-E62A-4666-8E76-3BEE75761607}.Debug|x86.Build.0 = Debug|Any CPU
		{C617A022-E62A-4666-8E76-3BEE75761607}.Release|Any CPU.ActiveCfg = Release|Any CPU
		{C617A022-E62A-4666-8E76-3BEE75761607}.Release|Any CPU.Build.0 = Release|Any CPU
		{C617A022-E62A-4666-8E76-3BEE75761607}.Release|x64.ActiveCfg = Release|Any CPU
		{C617A022-E62A-4666-8E76-3BEE75761607}.Release|x64.Build.0 = Release|Any CPU
		{C617A022-E62A-4666-8E76-3BEE75761607}.Release|x86.ActiveCfg = Release|Any CPU
		{C617A022-E62A-4666-8E76-3BEE75761607}.Release|x86.Build.0 = Release|Any CPU
		{F72B260F-5C8B-48AD-A050-31244B4AF1E3}.Debug|Any CPU.ActiveCfg = Debug|Any CPU
		{F72B260F-5C8B-48AD-A050-31244B4AF1E3}.Debug|Any CPU.Build.0 = Debug|Any CPU
		{F72B260F-5C8B-48AD-A050-31244B4AF1E3}.Debug|x64.ActiveCfg = Debug|Any CPU
		{F72B260F-5C8B-48AD-A050-31244B4AF1E3}.Debug|x64.Build.0 = Debug|Any CPU
		{F72B260F-5C8B-48AD-A050-31244B4AF1E3}.Debug|x86.ActiveCfg = Debug|Any CPU
		{F72B260F-5C8B-48AD-A050-31244B4AF1E3}.Debug|x86.Build.0 = Debug|Any CPU
		{F72B260F-5C8B-48AD-A050-31244B4AF1E3}.Release|Any CPU.ActiveCfg = Release|Any CPU
		{F72B260F-5C8B-48AD-A050-31244B4AF1E3}.Release|Any CPU.Build.0 = Release|Any CPU
		{F72B260F-5C8B-48AD-A050-31244B4AF1E3}.Release|x64.ActiveCfg = Release|Any CPU
		{F72B260F-5C8B-48AD-A050-31244B4AF1E3}.Release|x64.Build.0 = Release|Any CPU
		{F72B260F-5C8B-48AD-A050-31244B4AF1E3}.Release|x86.ActiveCfg = Release|Any CPU
		{F72B260F-5C8B-48AD-A050-31244B4AF1E3}.Release|x86.Build.0 = Release|Any CPU
	EndGlobalSection
	GlobalSection(SolutionProperties) = preSolution
		HideSolutionNode = FALSE
	EndGlobalSection
EndGlobal
